
Microsoft Visual Studio Solution File, Format Version 12.00
# Visual Studio Version 16
VisualStudioVersion = 16.0.33130.400
MinimumVisualStudioVersion = 10.0.40219.1
Project("{FAE04EC0-301F-11D3-BF4B-00C04F79EFBC}") = "Mission 4", "Mission 4\Mission 4.csproj", "{2B846893-1486-4942-88AC-234CE6363AA7}"
EndProject
Global
	GlobalSection(SolutionConfigurationPlatforms) = preSolution
		Debug|Any CPU = Debug|Any CPU
		Release|Any CPU = Release|Any CPU
	EndGlobalSection
	GlobalSection(ProjectConfigurationPlatforms) = postSolution
		{2B846893-1486-4942-88AC-234CE6363AA7}.Debug|Any CPU.ActiveCfg = Debug|Any CPU
		{2B846893-1486-4942-88AC-234CE6363AA7}.Debug|Any CPU.Build.0 = Debug|Any CPU
		{2B846893-1486-4942-88AC-234CE6363AA7}.Release|Any CPU.ActiveCfg = Release|Any CPU
		{2B846893-1486-4942-88AC-234CE6363AA7}.Release|Any CPU.Build.0 = Release|Any CPU
	EndGlobalSection
	GlobalSection(SolutionProperties) = preSolution
		HideSolutionNode = FALSE
	EndGlobalSection
	GlobalSection(ExtensibilityGlobals) = postSolution
		SolutionGuid = {0B5D5CDF-8139-40D4-B61E-CAE4170FC13C}
	EndGlobalSection
EndGlobal
